
Microsoft Visual Studio Solution File, Format Version 12.00
# Visual Studio Version 18
VisualStudioVersion = 18.4.11605.240
MinimumVisualStudioVersion = 10.0.40219.1
Project("{FAE04EC0-301F-11D3-BF4B-00C04F79EFBC}") = "CashFlow.Shared.Domain", "src\CashFlow.Shared\CashFlow.Shared.Domain\CashFlow.Shared.Domain.csproj", "{A1000001-0000-0000-0000-000000000001}"
EndProject
Project("{FAE04EC0-301F-11D3-BF4B-00C04F79EFBC}") = "CashFlow.Shared.Messaging", "src\CashFlow.Shared\CashFlow.Shared.Messaging\CashFlow.Shared.Messaging.csproj", "{A1000002-0000-0000-0000-000000000002}"
EndProject
Project("{FAE04EC0-301F-11D3-BF4B-00C04F79EFBC}") = "CashFlow.Lancamentos.Domain", "src\CashFlow.Lancamentos\CashFlow.Lancamentos.Domain\CashFlow.Lancamentos.Domain.csproj", "{B1000001-0000-0000-0000-000000000001}"
EndProject
Project("{FAE04EC0-301F-11D3-BF4B-00C04F79EFBC}") = "CashFlow.Lancamentos.Application", "src\CashFlow.Lancamentos\CashFlow.Lancamentos.Application\CashFlow.Lancamentos.Application.csproj", "{B1000002-0000-0000-0000-000000000002}"
EndProject
Project("{FAE04EC0-301F-11D3-BF4B-00C04F79EFBC}") = "CashFlow.Lancamentos.Infrastructure", "src\CashFlow.Lancamentos\CashFlow.Lancamentos.Infrastructure\CashFlow.Lancamentos.Infrastructure.csproj", "{B1000003-0000-0000-0000-000000000003}"
EndProject
Project("{FAE04EC0-301F-11D3-BF4B-00C04F79EFBC}") = "CashFlow.Lancamentos.API", "src\CashFlow.Lancamentos\CashFlow.Lancamentos.API\CashFlow.Lancamentos.API.csproj", "{B1000004-0000-0000-0000-000000000004}"
EndProject
Project("{FAE04EC0-301F-11D3-BF4B-00C04F79EFBC}") = "CashFlow.Consolidado.Domain", "src\CashFlow.Consolidado\CashFlow.Consolidado.Domain\CashFlow.Consolidado.Domain.csproj", "{C1000001-0000-0000-0000-000000000001}"
EndProject
Project("{FAE04EC0-301F-11D3-BF4B-00C04F79EFBC}") = "CashFlow.Consolidado.Application", "src\CashFlow.Consolidado\CashFlow.Consolidado.Application\CashFlow.Consolidado.Application.csproj", "{C1000002-0000-0000-0000-000000000002}"
EndProject
Project("{FAE04EC0-301F-11D3-BF4B-00C04F79EFBC}") = "CashFlow.Consolidado.Infrastructure", "src\CashFlow.Consolidado\CashFlow.Consolidado.Infrastructure\CashFlow.Consolidado.Infrastructure.csproj", "{C1000003-0000-0000-0000-000000000003}"
EndProject
Project("{FAE04EC0-301F-11D3-BF4B-00C04F79EFBC}") = "CashFlow.Consolidado.API", "src\CashFlow.Consolidado\CashFlow.Consolidado.API\CashFlow.Consolidado.API.csproj", "{C1000004-0000-0000-0000-000000000004}"
EndProject
Project("{2150E333-8FDC-42A3-9474-1A3956D46DE8}") = "src", "src", "{E0000001-0000-0000-0000-000000000001}"
EndProject
Project("{2150E333-8FDC-42A3-9474-1A3956D46DE8}") = "tests", "tests", "{E0000002-0000-0000-0000-000000000002}"
EndProject
Project("{2150E333-8FDC-42A3-9474-1A3956D46DE8}") = "Shared", "Shared", "{E0000003-0000-0000-0000-000000000003}"
EndProject
Project("{2150E333-8FDC-42A3-9474-1A3956D46DE8}") = "Lancamentos", "Lancamentos", "{E0000004-0000-0000-0000-000000000004}"
EndProject
Project("{2150E333-8FDC-42A3-9474-1A3956D46DE8}") = "Consolidado", "Consolidado", "{E0000005-0000-0000-0000-000000000005}"
EndProject
Project("{FAE04EC0-301F-11D3-BF4B-00C04F79EFBC}") = "CashFlow.Consolidado.UnitTests", "tests\CashFlow.Consolidado.UnitTests\CashFlow.Consolidado.UnitTests.csproj", "{90D64E17-6437-5CD7-A871-1B0D17762E8B}"
EndProject
Project("{FAE04EC0-301F-11D3-BF4B-00C04F79EFBC}") = "CashFlow.Lancamentos.UnitTests", "tests\CashFlow.Lancamentos.UnitTests\CashFlow.Lancamentos.UnitTests.csproj", "{8359C528-BC96-9C8B-92F0-E7E84401D3C3}"
EndProject
Global
	GlobalSection(SolutionConfigurationPlatforms) = preSolution
		Debug|Any CPU = Debug|Any CPU
		Debug|x64 = Debug|x64
		Debug|x86 = Debug|x86
		Release|Any CPU = Release|Any CPU
		Release|x64 = Release|x64
		Release|x86 = Release|x86
	EndGlobalSection
	GlobalSection(ProjectConfigurationPlatforms) = postSolution
		{A1000001-0000-0000-0000-000000000001}.Debug|Any CPU.ActiveCfg = Debug|Any CPU
		{A1000001-0000-0000-0000-000000000001}.Debug|Any CPU.Build.0 = Debug|Any CPU
		{A1000001-0000-0000-0000-000000000001}.Debug|x64.ActiveCfg = Debug|Any CPU
		{A1000001-0000-0000-0000-000000000001}.Debug|x64.Build.0 = Debug|Any CPU
		{A1000001-0000-0000-0000-000000000001}.Debug|x86.ActiveCfg = Debug|Any CPU
		{A1000001-0000-0000-0000-000000000001}.Debug|x86.Build.0 = Debug|Any CPU
		{A1000001-0000-0000-0000-000000000001}.Release|Any CPU.ActiveCfg = Release|Any CPU
		{A1000001-0000-0000-0000-000000000001}.Release|Any CPU.Build.0 = Release|Any CPU
		{A1000001-0000-0000-0000-000000000001}.Release|x64.ActiveCfg = Release|Any CPU
		{A1000001-0000-0000-0000-000000000001}.Release|x64.Build.0 = Release|Any CPU
		{A1000001-0000-0000-0000-000000000001}.Release|x86.ActiveCfg = Release|Any CPU
		{A1000001-0000-0000-0000-000000000001}.Release|x86.Build.0 = Release|Any CPU
		{A1000002-0000-0000-0000-000000000002}.Debug|Any CPU.ActiveCfg = Debug|Any CPU
		{A1000002-0000-0000-0000-000000000002}.Debug|Any CPU.Build.0 = Debug|Any CPU
		{A1000002-0000-0000-0000-000000000002}.Debug|x64.ActiveCfg = Debug|Any CPU
		{A1000002-0000-0000-0000-000000000002}.Debug|x64.Build.0 = Debug|Any CPU
		{A1000002-0000-0000-0000-000000000002}.Debug|x86.ActiveCfg = Debug|Any CPU
		{A1000002-0000-0000-0000-000000000002}.Debug|x86.Build.0 = Debug|Any CPU
		{A1000002-0000-0000-0000-000000000002}.Release|Any CPU.ActiveCfg = Release|Any CPU
		{A1000002-0000-0000-0000-000000000002}.Release|Any CPU.Build.0 = Release|Any CPU
		{A1000002-0000-0000-0000-000000000002}.Release|x64.ActiveCfg = Release|Any CPU
		{A1000002-0000-0000-0000-000000000002}.Release|x64.Build.0 = Release|Any CPU
		{A1000002-0000-0000-0000-000000000002}.Release|x86.ActiveCfg = Release|Any CPU
		{A1000002-0000-0000-0000-000000000002}.Release|x86.Build.0 = Release|Any CPU
		{B1000001-0000-0000-0000-000000000001}.Debug|Any CPU.ActiveCfg = Debug|Any CPU
		{B1000001-0000-0000-0000-000000000001}.Debug|Any CPU.Build.0 = Debug|Any CPU
		{B1000001-0000-0000-0000-000000000001}.Debug|x64.ActiveCfg = Debug|Any CPU
		{B1000001-0000-0000-0000-000000000001}.Debug|x64.Build.0 = Debug|Any CPU
		{B1000001-0000-0000-0000-000000000001}.Debug|x86.ActiveCfg = Debug|Any CPU
		{B1000001-0000-0000-0000-000000000001}.Debug|x86.Build.0 = Debug|Any CPU
		{B1000001-0000-0000-0000-000000000001}.Release|Any CPU.ActiveCfg = Release|Any CPU
		{B1000001-0000-0000-0000-000000000001}.Release|Any CPU.Build.0 = Release|Any CPU
		{B1000001-0000-0000-0000-000000000001}.Release|x64.ActiveCfg = Release|Any CPU
		{B1000001-0000-0000-0000-000000000001}.Release|x64.Build.0 = Release|Any CPU
		{B1000001-0000-0000-0000-000000000001}.Release|x86.ActiveCfg = Release|Any CPU
		{B1000001-0000-0000-0000-000000000001}.Release|x86.Build.0 = Release|Any CPU
		{B1000002-0000-0000-0000-000000000002}.Debug|Any CPU.ActiveCfg = Debug|Any CPU
		{B1000002-0000-0000-0000-000000000002}.Debug|Any CPU.Build.0 = Debug|Any CPU
		{B1000002-0000-0000-0000-000000000002}.Debug|x64.ActiveCfg = Debug|Any CPU
		{B1000002-0000-0000-0000-000000000002}.Debug|x64.Build.0 = Debug|Any CPU
		{B1000002-0000-0000-0000-000000000002}.Debug|x86.ActiveCfg = Debug|Any CPU
		{B1000002-0000-0000-0000-000000000002}.Debug|x86.Build.0 = Debug|Any CPU
		{B1000002-0000-0000-0000-000000000002}.Release|Any CPU.ActiveCfg = Release|Any CPU
		{B1000002-0000-0000-0000-000000000002}.Release|Any CPU.Build.0 = Release|Any CPU
		{B1000002-0000-0000-0000-000000000002}.Release|x64.ActiveCfg = Release|Any CPU
		{B1000002-0000-0000-0000-000000000002}.Release|x64.Build.0 = Release|Any CPU
		{B1000002-0000-0000-0000-000000000002}.Release|x86.ActiveCfg = Release|Any CPU
		{B1000002-0000-0000-0000-000000000002}.Release|x86.Build.0 = Release|Any CPU
		{B1000003-0000-0000-0000-000000000003}.Debug|Any CPU.ActiveCfg = Debug|Any CPU
		{B1000003-0000-0000-0000-000000000003}.Debug|Any CPU.Build.0 = Debug|Any CPU
		{B1000003-0000-0000-0000-000000000003}.Debug|x64.ActiveCfg = Debug|Any CPU
		{B1000003-0000-0000-0000-000000000003}.Debug|x64.Build.0 = Debug|Any CPU
		{B1000003-0000-0000-0000-000000000003}.Debug|x86.ActiveCfg = Debug|Any CPU
		{B1000003-0000-0000-0000-000000000003}.Debug|x86.Build.0 = Debug|Any CPU
		{B1000003-0000-0000-0000-000000000003}.Release|Any CPU.ActiveCfg = Release|Any CPU
		{B1000003-0000-0000-0000-000000000003}.Release|Any CPU.Build.0 = Release|Any CPU
		{B1000003-0000-0000-0000-000000000003}.Release|x64.ActiveCfg = Release|Any CPU
		{B1000003-0000-0000-0000-000000000003}.Release|x64.Build.0 = Release|Any CPU
		{B1000003-0000-0000-0000-000000000003}.Release|x86.ActiveCfg = Release|Any CPU
		{B1000003-0000-0000-0000-000000000003}.Release|x86.Build.0 = Release|Any CPU
		{B1000004-0000-0000-0000-000000000004}.Debug|Any CPU.ActiveCfg = Debug|Any CPU
		{B1000004-0000-0000-0000-000000000004}.Debug|Any CPU.Build.0 = Debug|Any CPU
		{B1000004-0000-0000-0000-000000000004}.Debug|x64.ActiveCfg = Debug|Any CPU
		{B1000004-0000-0000-0000-000000000004}.Debug|x64.Build.0 = Debug|Any CPU
		{B1000004-0000-0000-0000-000000000004}.Debug|x86.ActiveCfg = Debug|Any CPU
		{B1000004-0000-0000-0000-000000000004}.Debug|x86.Build.0 = Debug|Any CPU
		{B1000004-0000-0000-0000-000000000004}.Release|Any CPU.ActiveCfg = Release|Any CPU
		{B1000004-0000-0000-0000-000000000004}.Release|Any CPU.Build.0 = Release|Any CPU
		{B1000004-0000-0000-0000-000000000004}.Release|x64.ActiveCfg = Release|Any CPU
		{B1000004-0000-0000-0000-000000000004}.Release|x64.Build.0 = Release|Any CPU
		{B1000004-0000-0000-0000-000000000004}.Release|x86.ActiveCfg = Release|Any CPU
		{B1000004-0000-0000-0000-000000000004}.Release|x86.Build.0 = Release|Any CPU
		{C1000001-0000-0000-0000-000000000001}.Debug|Any CPU.ActiveCfg = Debug|Any CPU
		{C1000001-0000-0000-0000-000000000001}.Debug|Any CPU.Build.0 = Debug|Any CPU
		{C1000001-0000-0000-0000-000000000001}.Debug|x64.ActiveCfg = Debug|Any CPU
		{C1000001-0000-0000-0000-000000000001}.Debug|x64.Build.0 = Debug|Any CPU
		{C1000001-0000-0000-0000-000000000001}.Debug|x86.ActiveCfg = Debug|Any CPU
		{C1000001-0000-0000-0000-000000000001}.Debug|x86.Build.0 = Debug|Any CPU
		{C1000001-0000-0000-0000-000000000001}.Release|Any CPU.ActiveCfg = Release|Any CPU
		{C1000001-0000-0000-0000-000000000001}.Release|Any CPU.Build.0 = Release|Any CPU
		{C1000001-0000-0000-0000-000000000001}.Release|x64.ActiveCfg = Release|Any CPU
		{C1000001-0000-0000-0000-000000000001}.Release|x64.Build.0 = Release|Any CPU
		{C1000001-0000-0000-0000-000000000001}.Release|x86.ActiveCfg = Release|Any CPU
		{C1000001-0000-0000-0000-000000000001}.Release|x86.Build.0 = Release|Any CPU
		{C1000002-0000-0000-0000-000000000002}.Debug|Any CPU.ActiveCfg = Debug|Any CPU
		{C1000002-0000-0000-0000-000000000002}.Debug|Any CPU.Build.0 = Debug|Any CPU
		{C1000002-0000-0000-0000-000000000002}.Debug|x64.ActiveCfg = Debug|Any CPU
		{C1000002-0000-0000-0000-000000000002}.Debug|x64.Build.0 = Debug|Any CPU
		{C1000002-0000-0000-0000-000000000002}.Debug|x86.ActiveCfg = Debug|Any CPU
		{C1000002-0000-0000-0000-000000000002}.Debug|x86.Build.0 = Debug|Any CPU
		{C1000002-0000-0000-0000-000000000002}.Release|Any CPU.ActiveCfg = Release|Any CPU
		{C1000002-0000-0000-0000-000000000002}.Release|Any CPU.Build.0 = Release|Any CPU
		{C1000002-0000-0000-0000-000000000002}.Release|x64.ActiveCfg = Release|Any CPU
		{C1000002-0000-0000-0000-000000000002}.Release|x64.Build.0 = Release|Any CPU
		{C1000002-0000-0000-0000-000000000002}.Release|x86.ActiveCfg = Release|Any CPU
		{C1000002-0000-0000-0000-000000000002}.Release|x86.Build.0 = Release|Any CPU
		{C1000003-0000-0000-0000-000000000003}.Debug|Any CPU.ActiveCfg = Debug|Any CPU
		{C1000003-0000-0000-0000-000000000003}.Debug|Any CPU.Build.0 = Debug|Any CPU
		{C1000003-0000-0000-0000-000000000003}.Debug|x64.ActiveCfg = Debug|Any CPU
		{C1000003-0000-0000-0000-000000000003}.Debug|x64.Build.0 = Debug|Any CPU
		{C1000003-0000-0000-0000-000000000003}.Debug|x86.ActiveCfg = Debug|Any CPU
		{C1000003-0000-0000-0000-000000000003}.Debug|x86.Build.0 = Debug|Any CPU
		{C1000003-0000-0000-0000-000000000003}.Release|Any CPU.ActiveCfg = Release|Any CPU
		{C1000003-0000-0000-0000-000000000003}.Release|Any CPU.Build.0 = Release|Any CPU
		{C1000003-0000-0000-0000-000000000003}.Release|x64.ActiveCfg = Release|Any CPU
		{C1000003-0000-0000-0000-000000000003}.Release|x64.Build.0 = Release|Any CPU
		{C1000003-0000-0000-0000-000000000003}.Release|x86.ActiveCfg = Release|Any CPU
		{C1000003-0000-0000-0000-000000000003}.Release|x86.Build.0 = Release|Any CPU
		{C1000004-0000-0000-0000-000000000004}.Debug|Any CPU.ActiveCfg = Debug|Any CPU
		{C1000004-0000-0000-0000-000000000004}.Debug|Any CPU.Build.0 = Debug|Any CPU
		{C1000004-0000-0000-0000-000000000004}.Debug|x64.ActiveCfg = Debug|Any CPU
		{C1000004-0000-0000-0000-000000000004}.Debug|x64.Build.0 = Debug|Any CPU
		{C1000004-0000-0000-0000-000000000004}.Debug|x86.ActiveCfg = Debug|Any CPU
		{C1000004-0000-0000-0000-000000000004}.Debug|x86.Build.0 = Debug|Any CPU
		{C1000004-0000-0000-0000-000000000004}.Release|Any CPU.ActiveCfg = Release|Any CPU
		{C1000004-0000-0000-0000-000000000004}.Release|Any CPU.Build.0 = Release|Any CPU
		{C1000004-0000-0000-0000-000000000004}.Release|x64.ActiveCfg = Release|Any CPU
		{C1000004-0000-0000-0000-000000000004}.Release|x64.Build.0 = Release|Any CPU
		{C1000004-0000-0000-0000-000000000004}.Release|x86.ActiveCfg = Release|Any CPU
		{C1000004-0000-0000-0000-000000000004}.Release|x86.Build.0 = Release|Any CPU
		{90D64E17-6437-5CD7-A871-1B0D17762E8B}.Debug|Any CPU.ActiveCfg = Debug|Any CPU
		{90D64E17-6437-5CD7-A871-1B0D17762E8B}.Debug|Any CPU.Build.0 = Debug|Any CPU
		{90D64E17-6437-5CD7-A871-1B0D17762E8B}.Debug|x64.ActiveCfg = Debug|Any CPU
		{90D64E17-6437-5CD7-A871-1B0D17762E8B}.Debug|x64.Build.0 = Debug|Any CPU
		{90D64E17-6437-5CD7-A871-1B0D17762E8B}.Debug|x86.ActiveCfg = Debug|Any CPU
		{90D64E17-6437-5CD7-A871-1B0D17762E8B}.Debug|x86.Build.0 = Debug|Any CPU
		{90D64E17-6437-5CD7-A871-1B0D17762E8B}.Release|Any CPU.ActiveCfg = Release|Any CPU
		{90D64E17-6437-5CD7-A871-1B0D17762E8B}.Release|Any CPU.Build.0 = Release|Any CPU
		{90D64E17-6437-5CD7-A871-1B0D17762E8B}.Release|x64.ActiveCfg = Release|Any CPU
		{90D64E17-6437-5CD7-A871-1B0D17762E8B}.Release|x64.Build.0 = Release|Any CPU
		{90D64E17-6437-5CD7-A871-1B0D17762E8B}.Release|x86.ActiveCfg = Release|Any CPU
		{90D64E17-6437-5CD7-A871-1B0D17762E8B}.Release|x86.Build.0 = Release|Any CPU
		{8359C528-BC96-9C8B-92F0-E7E84401D3C3}.Debug|Any CPU.ActiveCfg = Debug|Any CPU
		{8359C528-BC96-9C8B-92F0-E7E84401D3C3}.Debug|Any CPU.Build.0 = Debug|Any CPU
		{8359C528-BC96-9C8B-92F0-E7E84401D3C3}.Debug|x64.ActiveCfg = Debug|Any CPU
		{8359C528-BC96-9C8B-92F0-E7E84401D3C3}.Debug|x64.Build.0 = Debug|Any CPU
		{8359C528-BC96-9C8B-92F0-E7E84401D3C3}.Debug|x86.ActiveCfg = Debug|Any CPU
		{8359C528-BC96-9C8B-92F0-E7E84401D3C3}.Debug|x86.Build.0 = Debug|Any CPU
		{8359C528-BC96-9C8B-92F0-E7E84401D3C3}.Release|Any CPU.ActiveCfg = Release|Any CPU
		{8359C528-BC96-9C8B-92F0-E7E84401D3C3}.Release|Any CPU.Build.0 = Release|Any CPU
		{8359C528-BC96-9C8B-92F0-E7E84401D3C3}.Release|x64.ActiveCfg = Release|Any CPU
		{8359C528-BC96-9C8B-92F0-E7E84401D3C3}.Release|x64.Build.0 = Release|Any CPU
		{8359C528-BC96-9C8B-92F0-E7E84401D3C3}.Release|x86.ActiveCfg = Release|Any CPU
		{8359C528-BC96-9C8B-92F0-E7E84401D3C3}.Release|x86.Build.0 = Release|Any CPU
	EndGlobalSection
	GlobalSection(SolutionProperties) = preSolution
		HideSolutionNode = FALSE
	EndGlobalSection
	GlobalSection(NestedProjects) = preSolution
		{A1000001-0000-0000-0000-000000000001} = {E0000003-0000-0000-0000-000000000003}
		{A1000002-0000-0000-0000-000000000002} = {E0000003-0000-0000-0000-000000000003}
		{B1000001-0000-0000-0000-000000000001} = {E0000004-0000-0000-0000-000000000004}
		{B1000002-0000-0000-0000-000000000002} = {E0000004-0000-0000-0000-000000000004}
		{B1000003-0000-0000-0000-000000000003} = {E0000004-0000-0000-0000-000000000004}
		{B1000004-0000-0000-0000-000000000004} = {E0000004-0000-0000-0000-000000000004}
		{C1000001-0000-0000-0000-000000000001} = {E0000005-0000-0000-0000-000000000005}
		{C1000002-0000-0000-0000-000000000002} = {E0000005-0000-0000-0000-000000000005}
		{C1000003-0000-0000-0000-000000000003} = {E0000005-0000-0000-0000-000000000005}
		{C1000004-0000-0000-0000-000000000004} = {E0000005-0000-0000-0000-000000000005}
		{E0000003-0000-0000-0000-000000000003} = {E0000001-0000-0000-0000-000000000001}
		{E0000004-0000-0000-0000-000000000004} = {E0000001-0000-0000-0000-000000000001}
		{E0000005-0000-0000-0000-000000000005} = {E0000001-0000-0000-0000-000000000001}
		{90D64E17-6437-5CD7-A871-1B0D17762E8B} = {E0000002-0000-0000-0000-000000000002}
		{8359C528-BC96-9C8B-92F0-E7E84401D3C3} = {E0000002-0000-0000-0000-000000000002}
	EndGlobalSection
	GlobalSection(ExtensibilityGlobals) = postSolution
		SolutionGuid = {A2B00042-317D-45C7-B874-8967DD1730E2}
	EndGlobalSection
EndGlobal
